{
  "name": "rpc-nats-example",
  "version": "1.0.0",
  "lockfileVersion": 3,
  "requires": true,
  "packages": {
    "": {
      "name": "rpc-nats-example",
      "version": "1.0.0",
      "dependencies": {
        "@elysiajs/trpc": "^1.1.0",
        "@prisma/client": "^6.1.0",
        "@trpc/server": "^10.45.2",
        "@types/bun": "^1.1.14",
        "alvamind-tools": "^1.0.1",
        "dotenv": "^16.4.7",
        "elysia": "^1.2.9",
        "prisma-generator-vault": "^0.0.2",
        "reflect-metadata": "^0.2.2",
        "rpc-nats-alvamind": "^1.0.2",
        "tsyringe-neo": "^5.1.0",
        "zod": "^3.24.1",
        "zod-prisma-types": "3.2.1"
      },
      "devDependencies": {
        "@types/node": "latest",
        "bun-types": "^1.1.42",
        "prisma": "^6.1.0",
        "typescript": "^5.7.2"
      }
    },
    "node_modules/@elysiajs/trpc": {
      "version": "1.1.0",
      "resolved": "https://registry.npmjs.org/@elysiajs/trpc/-/trpc-1.1.0.tgz",
      "integrity": "sha512-M8QWC+Wa5Z5MWY/+uMQuwZ+JoQkp4jOc1ra4SncFy1zSjFGin59LO1AT0pE+DRJaFV17gha9y7cB6Q7GnaJEAw==",
      "peerDependencies": {
        "elysia": ">= 1.1.0"
      }
    },
    "node_modules/@prisma/client": {
      "version": "6.1.0",
      "resolved": "https://registry.npmjs.org/@prisma/client/-/client-6.1.0.tgz",
      "integrity": "sha512-AbQYc5+EJKm1Ydfq3KxwcGiy7wIbm4/QbjCKWWoNROtvy7d6a3gmAGkKjK0iUCzh+rHV8xDhD5Cge8ke/kiy5Q==",
      "hasInstallScript": true,
      "engines": {
        "node": ">=18.18"
      },
      "peerDependencies": {
        "prisma": "*"
      },
      "peerDependenciesMeta": {
        "prisma": {
          "optional": true
        }
      }
    },
    "node_modules/@prisma/debug": {
      "version": "6.1.0",
      "resolved": "https://registry.npmjs.org/@prisma/debug/-/debug-6.1.0.tgz",
      "integrity": "sha512-0himsvcM4DGBTtvXkd2Tggv6sl2JyUYLzEGXXleFY+7Kp6rZeSS3hiTW9mwtUlXrwYbJP6pwlVNB7jYElrjWUg=="
    },
    "node_modules/@prisma/engines": {
      "version": "6.1.0",
      "resolved": "https://registry.npmjs.org/@prisma/engines/-/engines-6.1.0.tgz",
      "integrity": "sha512-GnYJbCiep3Vyr1P/415ReYrgJUjP79fBNc1wCo7NP6Eia0CzL2Ot9vK7Infczv3oK7JLrCcawOSAxFxNFsAERQ==",
      "hasInstallScript": true,
      "dependencies": {
        "@prisma/debug": "6.1.0",
        "@prisma/engines-version": "6.1.0-21.11f085a2012c0f4778414c8db2651556ee0ef959",
        "@prisma/fetch-engine": "6.1.0",
        "@prisma/get-platform": "6.1.0"
      }
    },
    "node_modules/@prisma/engines-version": {
      "version": "6.1.0-21.11f085a2012c0f4778414c8db2651556ee0ef959",
      "resolved": "https://registry.npmjs.org/@prisma/engines-version/-/engines-version-6.1.0-21.11f085a2012c0f4778414c8db2651556ee0ef959.tgz",
      "integrity": "sha512-PdJqmYM2Fd8K0weOOtQThWylwjsDlTig+8Pcg47/jszMuLL9iLIaygC3cjWJLda69siRW4STlCTMSgOjZzvKPQ=="
    },
    "node_modules/@prisma/fetch-engine": {
      "version": "6.1.0",
      "resolved": "https://registry.npmjs.org/@prisma/fetch-engine/-/fetch-engine-6.1.0.tgz",
      "integrity": "sha512-asdFi7TvPlEZ8CzSZ/+Du5wZ27q6OJbRSXh+S8ISZguu+S9KtS/gP7NeXceZyb1Jv1SM1S5YfiCv+STDsG6rrg==",
      "dependencies": {
        "@prisma/debug": "6.1.0",
        "@prisma/engines-version": "6.1.0-21.11f085a2012c0f4778414c8db2651556ee0ef959",
        "@prisma/get-platform": "6.1.0"
      }
    },
    "node_modules/@prisma/generator-helper": {
      "version": "5.22.0",
      "resolved": "https://registry.npmjs.org/@prisma/generator-helper/-/generator-helper-5.22.0.tgz",
      "integrity": "sha512-LwqcBQ5/QsuAaLNQZAIVIAJDJBMjHwMwn16e06IYx/3Okj/xEEfw9IvrqB2cJCl3b2mCBlh3eVH0w9WGmi4aHg==",
      "dependencies": {
        "@prisma/debug": "5.22.0"
      }
    },
    "node_modules/@prisma/generator-helper/node_modules/@prisma/debug": {
      "version": "5.22.0",
      "resolved": "https://registry.npmjs.org/@prisma/debug/-/debug-5.22.0.tgz",
      "integrity": "sha512-AUt44v3YJeggO2ZU5BkXI7M4hu9BF2zzH2iF2V5pyXT/lRTyWiElZ7It+bRH1EshoMRxHgpYg4VB6rCM+mG5jQ=="
    },
    "node_modules/@prisma/get-platform": {
      "version": "6.1.0",
      "resolved": "https://registry.npmjs.org/@prisma/get-platform/-/get-platform-6.1.0.tgz",
      "integrity": "sha512-ia8bNjboBoHkmKGGaWtqtlgQOhCi7+f85aOkPJKgNwWvYrT6l78KgojLekE8zMhVk0R9lWcifV0Pf8l3/15V0Q==",
      "dependencies": {
        "@prisma/debug": "6.1.0"
      }
    },
    "node_modules/@prisma/internals": {
      "version": "5.22.0",
      "resolved": "https://registry.npmjs.org/@prisma/internals/-/internals-5.22.0.tgz",
      "integrity": "sha512-Rsjw2ARB9VQzDczzEimUriSBdXmYG/Z5tNRer2IEwof/O8Q6A9cqV3oNVUpJ52TgWfQqMAq5K/KEf8LvvYLLOw==",
      "dependencies": {
        "@prisma/debug": "5.22.0",
        "@prisma/engines": "5.22.0",
        "@prisma/fetch-engine": "5.22.0",
        "@prisma/generator-helper": "5.22.0",
        "@prisma/get-platform": "5.22.0",
        "@prisma/prisma-schema-wasm": "5.22.0-44.605197351a3c8bdd595af2d2a9bc3025bca48ea2",
        "@prisma/schema-files-loader": "5.22.0",
        "arg": "5.0.2",
        "prompts": "2.4.2"
      }
    },
    "node_modules/@prisma/internals/node_modules/@prisma/debug": {
      "version": "5.22.0",
      "resolved": "https://registry.npmjs.org/@prisma/debug/-/debug-5.22.0.tgz",
      "integrity": "sha512-AUt44v3YJeggO2ZU5BkXI7M4hu9BF2zzH2iF2V5pyXT/lRTyWiElZ7It+bRH1EshoMRxHgpYg4VB6rCM+mG5jQ=="
    },
    "node_modules/@prisma/internals/node_modules/@prisma/engines": {
      "version": "5.22.0",
      "resolved": "https://registry.npmjs.org/@prisma/engines/-/engines-5.22.0.tgz",
      "integrity": "sha512-UNjfslWhAt06kVL3CjkuYpHAWSO6L4kDCVPegV6itt7nD1kSJavd3vhgAEhjglLJJKEdJ7oIqDJ+yHk6qO8gPA==",
      "hasInstallScript": true,
      "dependencies": {
        "@prisma/debug": "5.22.0",
        "@prisma/engines-version": "5.22.0-44.605197351a3c8bdd595af2d2a9bc3025bca48ea2",
        "@prisma/fetch-engine": "5.22.0",
        "@prisma/get-platform": "5.22.0"
      }
    },
    "node_modules/@prisma/internals/node_modules/@prisma/engines-version": {
      "version": "5.22.0-44.605197351a3c8bdd595af2d2a9bc3025bca48ea2",
      "resolved": "https://registry.npmjs.org/@prisma/engines-version/-/engines-version-5.22.0-44.605197351a3c8bdd595af2d2a9bc3025bca48ea2.tgz",
      "integrity": "sha512-2PTmxFR2yHW/eB3uqWtcgRcgAbG1rwG9ZriSvQw+nnb7c4uCr3RAcGMb6/zfE88SKlC1Nj2ziUvc96Z379mHgQ=="
    },
    "node_modules/@prisma/internals/node_modules/@prisma/fetch-engine": {
      "version": "5.22.0",
      "resolved": "https://registry.npmjs.org/@prisma/fetch-engine/-/fetch-engine-5.22.0.tgz",
      "integrity": "sha512-bkrD/Mc2fSvkQBV5EpoFcZ87AvOgDxbG99488a5cexp5Ccny+UM6MAe/UFkUC0wLYD9+9befNOqGiIJhhq+HbA==",
      "dependencies": {
        "@prisma/debug": "5.22.0",
        "@prisma/engines-version": "5.22.0-44.605197351a3c8bdd595af2d2a9bc3025bca48ea2",
        "@prisma/get-platform": "5.22.0"
      }
    },
    "node_modules/@prisma/internals/node_modules/@prisma/get-platform": {
      "version": "5.22.0",
      "resolved": "https://registry.npmjs.org/@prisma/get-platform/-/get-platform-5.22.0.tgz",
      "integrity": "sha512-pHhpQdr1UPFpt+zFfnPazhulaZYCUqeIcPpJViYoq9R+D/yw4fjE+CtnsnKzPYm0ddUbeXUzjGVGIRVgPDCk4Q==",
      "dependencies": {
        "@prisma/debug": "5.22.0"
      }
    },
    "node_modules/@prisma/prisma-schema-wasm": {
      "version": "5.22.0-44.605197351a3c8bdd595af2d2a9bc3025bca48ea2",
      "resolved": "https://registry.npmjs.org/@prisma/prisma-schema-wasm/-/prisma-schema-wasm-5.22.0-44.605197351a3c8bdd595af2d2a9bc3025bca48ea2.tgz",
      "integrity": "sha512-WPNB7SgTxF/rSHMa5o5/9AIINy4oVnRhvUkRzqR4Nfp8Hu9Q2IyUptxuiDuzRVJdjJBRi/U82sHTxyiD3oBBhQ=="
    },
    "node_modules/@prisma/schema-files-loader": {
      "version": "5.22.0",
      "resolved": "https://registry.npmjs.org/@prisma/schema-files-loader/-/schema-files-loader-5.22.0.tgz",
      "integrity": "sha512-/TNAJXvMSk6mCgZa+gIBM6sp5OUQBnb7rbjiSQm88gvcSibxEuKkVV/2pT3RmQpEAn1yiabvS4+dOvIotYe3ww==",
      "dependencies": {
        "@prisma/prisma-schema-wasm": "5.22.0-44.605197351a3c8bdd595af2d2a9bc3025bca48ea2",
        "fs-extra": "11.1.1"
      }
    },
    "node_modules/@sinclair/typebox": {
      "version": "0.34.13",
      "resolved": "https://registry.npmjs.org/@sinclair/typebox/-/typebox-0.34.13.tgz",
      "integrity": "sha512-ceVKqyCEgC355Kw0s/0tyfY9MzMQINSykJ/pG2w6YnaZyrcjV48svZpr8lVZrYgWjzOmrIPBhQRAtr/7eJpA5g=="
    },
    "node_modules/@trpc/server": {
      "version": "10.45.2",
      "resolved": "https://registry.npmjs.org/@trpc/server/-/server-10.45.2.tgz",
      "integrity": "sha512-wOrSThNNE4HUnuhJG6PfDRp4L2009KDVxsd+2VYH8ro6o/7/jwYZ8Uu5j+VaW+mOmc8EHerHzGcdbGNQSAUPgg==",
      "funding": [
        "https://trpc.io/sponsor"
      ]
    },
    "node_modules/@types/bun": {
      "version": "1.1.14",
      "resolved": "https://registry.npmjs.org/@types/bun/-/bun-1.1.14.tgz",
      "integrity": "sha512-opVYiFGtO2af0dnWBdZWlioLBoxSdDO5qokaazLhq8XQtGZbY4pY3/JxY8Zdf/hEwGubbp7ErZXoN1+h2yesxA==",
      "dependencies": {
        "bun-types": "1.1.37"
      }
    },
    "node_modules/@types/bun/node_modules/@types/node": {
      "version": "20.12.14",
      "resolved": "https://registry.npmjs.org/@types/node/-/node-20.12.14.tgz",
      "integrity": "sha512-scnD59RpYD91xngrQQLGkE+6UrHUPzeKZWhhjBSa3HSkwjbQc38+q3RoIVEwxQGRw3M+j5hpNAM+lgV3cVormg==",
      "dependencies": {
        "undici-types": "~5.26.4"
      }
    },
    "node_modules/@types/bun/node_modules/bun-types": {
      "version": "1.1.37",
      "resolved": "https://registry.npmjs.org/bun-types/-/bun-types-1.1.37.tgz",
      "integrity": "sha512-C65lv6eBr3LPJWFZ2gswyrGZ82ljnH8flVE03xeXxKhi2ZGtFiO4isRKTKnitbSqtRAcaqYSR6djt1whI66AbA==",
      "dependencies": {
        "@types/node": "~20.12.8",
        "@types/ws": "~8.5.10"
      }
    },
    "node_modules/@types/bun/node_modules/undici-types": {
      "version": "5.26.5",
      "resolved": "https://registry.npmjs.org/undici-types/-/undici-types-5.26.5.tgz",
      "integrity": "sha512-JlCMO+ehdEIKqlFxk6IfVoAUVmgz7cU7zD/h9XZ0qzeosSHmUJVOzSQvvYSYWXkFXC+IfLKSIffhv0sVZup6pA=="
    },
    "node_modules/@types/node": {
      "version": "22.10.3",
      "resolved": "https://registry.npmjs.org/@types/node/-/node-22.10.3.tgz",
      "integrity": "sha512-DifAyw4BkrufCILvD3ucnuN8eydUfc/C1GlyrnI+LK6543w5/L3VeVgf05o3B4fqSXP1dKYLOZsKfutpxPzZrw==",
      "dependencies": {
        "undici-types": "~6.20.0"
      }
    },
    "node_modules/@types/ws": {
      "version": "8.5.13",
      "resolved": "https://registry.npmjs.org/@types/ws/-/ws-8.5.13.tgz",
      "integrity": "sha512-osM/gWBTPKgHV8XkTunnegTRIsvF6owmf5w+JtAfOw472dptdm0dlGv4xCt6GwQRcC2XVOvvRE/0bAoQcL2QkA==",
      "dependencies": {
        "@types/node": "*"
      }
    },
    "node_modules/alvamind-tools": {
      "version": "1.0.1",
      "resolved": "https://registry.npmjs.org/alvamind-tools/-/alvamind-tools-1.0.1.tgz",
      "integrity": "sha512-ingxp0oJThVF+NrwRcTXKQ7uh07lLG4XTTSTUkxXwvgcEurtG3Shl4cARb42LBH/FFIPKNUspwQQTH3U2QgZFA==",
      "bin": {
        "commit": "dist/commit.js",
        "generate-source": "dist/generate-source.js"
      }
    },
    "node_modules/arg": {
      "version": "5.0.2",
      "resolved": "https://registry.npmjs.org/arg/-/arg-5.0.2.tgz",
      "integrity": "sha512-PYjyFOLKQ9y57JvQ6QLo8dAgNqswh8M1RMJYdQduT6xbWSgK36P/Z/v+p888pM69jMMfS8Xd8F6I1kQ/I9HUGg=="
    },
    "node_modules/bun-types": {
      "version": "1.1.42",
      "resolved": "https://registry.npmjs.org/bun-types/-/bun-types-1.1.42.tgz",
      "integrity": "sha512-beMbnFqWbbBQHll/bn3phSwmoOQmnX2nt8NI9iOQKFbgR5Z6rlH3YuaMdlid8vp5XGct3/W4QVQBmhoOEoe4nw==",
      "dev": true,
      "dependencies": {
        "@types/node": "~20.12.8",
        "@types/ws": "~8.5.10"
      }
    },
    "node_modules/bun-types/node_modules/@types/node": {
      "version": "20.12.14",
      "resolved": "https://registry.npmjs.org/@types/node/-/node-20.12.14.tgz",
      "integrity": "sha512-scnD59RpYD91xngrQQLGkE+6UrHUPzeKZWhhjBSa3HSkwjbQc38+q3RoIVEwxQGRw3M+j5hpNAM+lgV3cVormg==",
      "dev": true,
      "dependencies": {
        "undici-types": "~5.26.4"
      }
    },
    "node_modules/bun-types/node_modules/undici-types": {
      "version": "5.26.5",
      "resolved": "https://registry.npmjs.org/undici-types/-/undici-types-5.26.5.tgz",
      "integrity": "sha512-JlCMO+ehdEIKqlFxk6IfVoAUVmgz7cU7zD/h9XZ0qzeosSHmUJVOzSQvvYSYWXkFXC+IfLKSIffhv0sVZup6pA==",
      "dev": true
    },
    "node_modules/code-block-writer": {
      "version": "12.0.0",
      "resolved": "https://registry.npmjs.org/code-block-writer/-/code-block-writer-12.0.0.tgz",
      "integrity": "sha512-q4dMFMlXtKR3XNBHyMHt/3pwYNA69EDk00lloMOaaUMKPUXBw6lpXtbu3MMVG6/uOihGnRDOlkyqsONEUj60+w=="
    },
    "node_modules/cookie": {
      "version": "1.0.2",
      "resolved": "https://registry.npmjs.org/cookie/-/cookie-1.0.2.tgz",
      "integrity": "sha512-9Kr/j4O16ISv8zBBhJoi4bXOYNTkFLOqSL3UDB0njXxCXNezjeyVrJyGOWtgfs/q2km1gwBcfH8q1yEGoMYunA==",
      "engines": {
        "node": ">=18"
      }
    },
    "node_modules/dotenv": {
      "version": "16.4.7",
      "resolved": "https://registry.npmjs.org/dotenv/-/dotenv-16.4.7.tgz",
      "integrity": "sha512-47qPchRCykZC03FhkYAhrvwU4xDBFIj1QPqaarj6mdM/hgUzfPHcpkHJOn3mJAufFeeAxAzeGsr5X0M4k6fLZQ==",
      "engines": {
        "node": ">=12"
      },
      "funding": {
        "url": "https://dotenvx.com"
      }
    },
    "node_modules/elysia": {
      "version": "1.2.9",
      "resolved": "https://registry.npmjs.org/elysia/-/elysia-1.2.9.tgz",
      "integrity": "sha512-UqN0j3K5hVnTbrqy6wsyqw4/F5ZdWlBJGPP1ax3JbcwEkKiWLA7HCPDaD+Tahq+h7kgUNKDT6WuIPAoN3rdXBg==",
      "dependencies": {
        "@sinclair/typebox": "^0.34.13",
        "cookie": "^1.0.2",
        "fast-decode-uri-component": "^1.0.1",
        "memoirist": "^0.2.0",
        "openapi-types": "^12.1.3"
      },
      "peerDependencies": {
        "@sinclair/typebox": ">= 0.34.0",
        "openapi-types": ">= 12.0.0",
        "typescript": ">= 5.0.0"
      },
      "peerDependenciesMeta": {
        "openapi-types": {
          "optional": true
        },
        "typescript": {
          "optional": true
        }
      }
    },
    "node_modules/fast-decode-uri-component": {
      "version": "1.0.1",
      "resolved": "https://registry.npmjs.org/fast-decode-uri-component/-/fast-decode-uri-component-1.0.1.tgz",
      "integrity": "sha512-WKgKWg5eUxvRZGwW8FvfbaH7AXSh2cL+3j5fMGzUMCxWBJ3dV3a7Wz8y2f/uQ0e3B6WmodD3oS54jTQ9HVTIIg=="
    },
    "node_modules/fs-extra": {
      "version": "11.1.1",
      "resolved": "https://registry.npmjs.org/fs-extra/-/fs-extra-11.1.1.tgz",
      "integrity": "sha512-MGIE4HOvQCeUCzmlHs0vXpih4ysz4wg9qiSAu6cd42lVwPbTM1TjV7RusoyQqMmk/95gdQZX72u+YW+c3eEpFQ==",
      "dependencies": {
        "graceful-fs": "^4.2.0",
        "jsonfile": "^6.0.1",
        "universalify": "^2.0.0"
      },
      "engines": {
        "node": ">=14.14"
      }
    },
    "node_modules/fsevents": {
      "version": "2.3.3",
      "resolved": "https://registry.npmjs.org/fsevents/-/fsevents-2.3.3.tgz",
      "integrity": "sha512-5xoDfX+fL7faATnagmWPpbFtwh/R77WmMMqqHGS65C3vvB0YHrgF+B1YmZ3441tMj5n63k0212XNoJwzlhffQw==",
      "hasInstallScript": true,
      "optional": true,
      "os": [
        "darwin"
      ],
      "engines": {
        "node": "^8.16.0 || ^10.6.0 || >=11.0.0"
      }
    },
    "node_modules/graceful-fs": {
      "version": "4.2.11",
      "resolved": "https://registry.npmjs.org/graceful-fs/-/graceful-fs-4.2.11.tgz",
      "integrity": "sha512-RbJ5/jmFcNNCcDV5o9eTnBLJ/HszWV0P73bc+Ff4nS/rJj+YaS6IGyiOL0VoBYX+l1Wrl3k63h/KrH+nhJ0XvQ=="
    },
    "node_modules/handlebars": {
      "version": "4.7.8",
      "resolved": "https://registry.npmjs.org/handlebars/-/handlebars-4.7.8.tgz",
      "integrity": "sha512-vafaFqs8MZkRrSX7sFVUdo3ap/eNiLnb4IakshzvP56X5Nr1iGKAIqdX6tMlm6HcNRIkr6AxO5jFEoJzzpT8aQ==",
      "dependencies": {
        "minimist": "^1.2.5",
        "neo-async": "^2.6.2",
        "source-map": "^0.6.1",
        "wordwrap": "^1.0.0"
      },
      "bin": {
        "handlebars": "bin/handlebars"
      },
      "engines": {
        "node": ">=0.4.7"
      },
      "optionalDependencies": {
        "uglify-js": "^3.1.4"
      }
    },
    "node_modules/jsonfile": {
      "version": "6.1.0",
      "resolved": "https://registry.npmjs.org/jsonfile/-/jsonfile-6.1.0.tgz",
      "integrity": "sha512-5dgndWOriYSm5cnYaJNhalLNDKOqFwyDB/rr1E9ZsGciGvKPs8R2xYGCacuf3z6K1YKDz182fd+fY3cn3pMqXQ==",
      "dependencies": {
        "universalify": "^2.0.0"
      },
      "optionalDependencies": {
        "graceful-fs": "^4.1.6"
      }
    },
    "node_modules/kleur": {
      "version": "3.0.3",
      "resolved": "https://registry.npmjs.org/kleur/-/kleur-3.0.3.tgz",
      "integrity": "sha512-eTIzlVOSUR+JxdDFepEYcBMtZ9Qqdef+rnzWdRZuMbOywu5tO2w2N7rqjoANZ5k9vywhL6Br1VRjUIgTQx4E8w==",
      "engines": {
        "node": ">=6"
      }
    },
    "node_modules/lodash": {
      "version": "4.17.21",
      "resolved": "https://registry.npmjs.org/lodash/-/lodash-4.17.21.tgz",
      "integrity": "sha512-v2kDEe57lecTulaDIuNTPy3Ry4gLGJ6Z1O3vE1krgXZNrsQ+LFTGHVxVjcXPs17LhbZVGedAJv8XZ1tvj5FvSg=="
    },
    "node_modules/memoirist": {
      "version": "0.2.0",
      "resolved": "https://registry.npmjs.org/memoirist/-/memoirist-0.2.0.tgz",
      "integrity": "sha512-DA1V11OWsKmYjgYHfT1luus0FtTjUbILfI9s5M+ckK29tBLON6GDhH5GwxDz7E1ou4Bdzm9vhbeCaRAWxwG+0g=="
    },
    "node_modules/minimist": {
      "version": "1.2.8",
      "resolved": "https://registry.npmjs.org/minimist/-/minimist-1.2.8.tgz",
      "integrity": "sha512-2yyAR8qBkN3YuheJanUpWC5U3bb5osDywNB8RzDVlDwDHbocAJveqqj1u8+SVD7jkWT4yvsHCpWqqWqAxb0zCA==",
      "funding": {
        "url": "https://github.com/sponsors/ljharb"
      }
    },
    "node_modules/nats": {
      "version": "2.28.2",
      "resolved": "https://registry.npmjs.org/nats/-/nats-2.28.2.tgz",
      "integrity": "sha512-02cvR8EPach+0BfVaQjPgsbPFn6uMjEQAuvXS2ppg8jiWEm2KYdfmeFmtshiU9b2+kFh3LSEKMEaIfRgk3K8tw==",
      "dependencies": {
        "nkeys.js": "1.1.0"
      },
      "engines": {
        "node": ">= 14.0.0"
      }
    },
    "node_modules/neo-async": {
      "version": "2.6.2",
      "resolved": "https://registry.npmjs.org/neo-async/-/neo-async-2.6.2.tgz",
      "integrity": "sha512-Yd3UES5mWCSqR+qNT93S3UoYUkqAZ9lLg8a7g9rimsWmYGK8cVToA4/sF3RrshdyV3sAGMXVUmpMYOw+dLpOuw=="
    },
    "node_modules/nkeys.js": {
      "version": "1.1.0",
      "resolved": "https://registry.npmjs.org/nkeys.js/-/nkeys.js-1.1.0.tgz",
      "integrity": "sha512-tB/a0shZL5UZWSwsoeyqfTszONTt4k2YS0tuQioMOD180+MbombYVgzDUYHlx+gejYK6rgf08n/2Df99WY0Sxg==",
      "dependencies": {
        "tweetnacl": "1.0.3"
      },
      "engines": {
        "node": ">=10.0.0"
      }
    },
    "node_modules/openapi-types": {
      "version": "12.1.3",
      "resolved": "https://registry.npmjs.org/openapi-types/-/openapi-types-12.1.3.tgz",
      "integrity": "sha512-N4YtSYJqghVu4iek2ZUvcN/0aqH1kRDuNqzcycDxhOUpg7GdvLa2F3DgS6yBNhInhv2r/6I0Flkn7CqL8+nIcw=="
    },
    "node_modules/prisma": {
      "version": "6.1.0",
      "resolved": "https://registry.npmjs.org/prisma/-/prisma-6.1.0.tgz",
      "integrity": "sha512-aFI3Yi+ApUxkwCJJwyQSwpyzUX7YX3ihzuHNHOyv4GJg3X5tQsmRaJEnZ+ZyfHpMtnyahhmXVfbTZ+lS8ZtfKw==",
      "hasInstallScript": true,
      "dependencies": {
        "@prisma/engines": "6.1.0"
      },
      "bin": {
        "prisma": "build/index.js"
      },
      "engines": {
        "node": ">=18.18"
      },
      "optionalDependencies": {
        "fsevents": "2.3.3"
      }
    },
    "node_modules/prisma-generator-vault": {
      "version": "0.0.2",
      "resolved": "https://registry.npmjs.org/prisma-generator-vault/-/prisma-generator-vault-0.0.2.tgz",
      "integrity": "sha512-tvM1QtqkbmM8d3WA+Z4deDHeculkmCVY0iZNkyVc+V3kqV/o2XZ6F/5sAWhgNq6sfD5X42o9ckUG7AfAAVaaPA==",
      "dependencies": {
        "@prisma/client": "5.x",
        "@prisma/generator-helper": "5.x",
        "@prisma/internals": "^5.20.0",
        "handlebars": "^4.7.8",
        "prisma": "5.x",
        "zod": "^3.23.8"
      },
      "bin": {
        "prisma-generator-vault": "bin.cjs.js"
      }
    },
    "node_modules/prisma-generator-vault/node_modules/@prisma/client": {
      "version": "5.22.0",
      "resolved": "https://registry.npmjs.org/@prisma/client/-/client-5.22.0.tgz",
      "integrity": "sha512-M0SVXfyHnQREBKxCgyo7sffrKttwE6R8PMq330MIUF0pTwjUhLbW84pFDlf06B27XyCR++VtjugEnIHdr07SVA==",
      "hasInstallScript": true,
      "engines": {
        "node": ">=16.13"
      },
      "peerDependencies": {
        "prisma": "*"
      },
      "peerDependenciesMeta": {
        "prisma": {
          "optional": true
        }
      }
    },
    "node_modules/prisma-generator-vault/node_modules/@prisma/debug": {
      "version": "5.22.0",
      "resolved": "https://registry.npmjs.org/@prisma/debug/-/debug-5.22.0.tgz",
      "integrity": "sha512-AUt44v3YJeggO2ZU5BkXI7M4hu9BF2zzH2iF2V5pyXT/lRTyWiElZ7It+bRH1EshoMRxHgpYg4VB6rCM+mG5jQ=="
    },
    "node_modules/prisma-generator-vault/node_modules/@prisma/engines": {
      "version": "5.22.0",
      "resolved": "https://registry.npmjs.org/@prisma/engines/-/engines-5.22.0.tgz",
      "integrity": "sha512-UNjfslWhAt06kVL3CjkuYpHAWSO6L4kDCVPegV6itt7nD1kSJavd3vhgAEhjglLJJKEdJ7oIqDJ+yHk6qO8gPA==",
      "hasInstallScript": true,
      "dependencies": {
        "@prisma/debug": "5.22.0",
        "@prisma/engines-version": "5.22.0-44.605197351a3c8bdd595af2d2a9bc3025bca48ea2",
        "@prisma/fetch-engine": "5.22.0",
        "@prisma/get-platform": "5.22.0"
      }
    },
    "node_modules/prisma-generator-vault/node_modules/@prisma/engines-version": {
      "version": "5.22.0-44.605197351a3c8bdd595af2d2a9bc3025bca48ea2",
      "resolved": "https://registry.npmjs.org/@prisma/engines-version/-/engines-version-5.22.0-44.605197351a3c8bdd595af2d2a9bc3025bca48ea2.tgz",
      "integrity": "sha512-2PTmxFR2yHW/eB3uqWtcgRcgAbG1rwG9ZriSvQw+nnb7c4uCr3RAcGMb6/zfE88SKlC1Nj2ziUvc96Z379mHgQ=="
    },
    "node_modules/prisma-generator-vault/node_modules/@prisma/fetch-engine": {
      "version": "5.22.0",
      "resolved": "https://registry.npmjs.org/@prisma/fetch-engine/-/fetch-engine-5.22.0.tgz",
      "integrity": "sha512-bkrD/Mc2fSvkQBV5EpoFcZ87AvOgDxbG99488a5cexp5Ccny+UM6MAe/UFkUC0wLYD9+9befNOqGiIJhhq+HbA==",
      "dependencies": {
        "@prisma/debug": "5.22.0",
        "@prisma/engines-version": "5.22.0-44.605197351a3c8bdd595af2d2a9bc3025bca48ea2",
        "@prisma/get-platform": "5.22.0"
      }
    },
    "node_modules/prisma-generator-vault/node_modules/@prisma/get-platform": {
      "version": "5.22.0",
      "resolved": "https://registry.npmjs.org/@prisma/get-platform/-/get-platform-5.22.0.tgz",
      "integrity": "sha512-pHhpQdr1UPFpt+zFfnPazhulaZYCUqeIcPpJViYoq9R+D/yw4fjE+CtnsnKzPYm0ddUbeXUzjGVGIRVgPDCk4Q==",
      "dependencies": {
        "@prisma/debug": "5.22.0"
      }
    },
    "node_modules/prisma-generator-vault/node_modules/prisma": {
      "version": "5.22.0",
      "resolved": "https://registry.npmjs.org/prisma/-/prisma-5.22.0.tgz",
      "integrity": "sha512-vtpjW3XuYCSnMsNVBjLMNkTj6OZbudcPPTPYHqX0CJfpcdWciI1dM8uHETwmDxxiqEwCIE6WvXucWUetJgfu/A==",
      "hasInstallScript": true,
      "dependencies": {
        "@prisma/engines": "5.22.0"
      },
      "bin": {
        "prisma": "build/index.js"
      },
      "engines": {
        "node": ">=16.13"
      },
      "optionalDependencies": {
        "fsevents": "2.3.3"
      }
    },
    "node_modules/prompts": {
      "version": "2.4.2",
      "resolved": "https://registry.npmjs.org/prompts/-/prompts-2.4.2.tgz",
      "integrity": "sha512-NxNv/kLguCA7p3jE8oL2aEBsrJWgAakBpgmgK6lpPWV+WuOmY6r2/zbAVnP+T8bQlA0nzHXSJSJW0Hq7ylaD2Q==",
      "dependencies": {
        "kleur": "^3.0.3",
        "sisteransi": "^1.0.5"
      },
      "engines": {
        "node": ">= 6"
      }
    },
    "node_modules/reflect-metadata": {
      "version": "0.2.2",
      "resolved": "https://registry.npmjs.org/reflect-metadata/-/reflect-metadata-0.2.2.tgz",
      "integrity": "sha512-urBwgfrvVP/eAyXx4hluJivBKzuEbSQs9rKWCrCkbSxNv8mxPcUZKeuoF3Uy4mJl3Lwprp6yy5/39VWigZ4K6Q=="
    },
    "node_modules/rpc-nats-alvamind": {
      "version": "1.0.1",
      "resolved": "https://registry.npmjs.org/rpc-nats-alvamind/-/rpc-nats-alvamind-1.0.1.tgz",
      "integrity": "sha512-wL5nUKqDQdHM9ZpU7xVJpWoh9uUy5HnKM7lsYCl13KSIlMQLGMeZK0A+Ddi7ENfpJWeMVhDGHrE7bspBJ+1WCg==",
      "dependencies": {
        "alvamind-tools": "^1.0.1",
        "nats": "^2.19.0",
        "reflect-metadata": "^0.2.2",
        "tsyringe-neo": "^5.1.0"
      }
    },
    "node_modules/sisteransi": {
      "version": "1.0.5",
      "resolved": "https://registry.npmjs.org/sisteransi/-/sisteransi-1.0.5.tgz",
      "integrity": "sha512-bLGGlR1QxBcynn2d5YmDX4MGjlZvy2MRBDRNHLJ8VI6l6+9FUiyTFNJ0IveOSP0bcXgVDPRcfGqA0pjaqUpfVg=="
    },
    "node_modules/source-map": {
      "version": "0.6.1",
      "resolved": "https://registry.npmjs.org/source-map/-/source-map-0.6.1.tgz",
      "integrity": "sha512-UjgapumWlbMhkBgzT7Ykc5YXUT46F0iKu8SGXq0bcwP5dz/h0Plj6enJqjz1Zbq2l5WaqYnrVbwWOWMyF3F47g==",
      "engines": {
        "node": ">=0.10.0"
      }
    },
    "node_modules/tslib": {
      "version": "2.8.1",
      "resolved": "https://registry.npmjs.org/tslib/-/tslib-2.8.1.tgz",
      "integrity": "sha512-oJFu94HQb+KVduSUQL7wnpmqnfmLsOA/nAh6b6EH0wCEoK0/mPeXU6c3wKDV83MkOuHPRHtSXKKU99IBazS/2w=="
    },
    "node_modules/tsyringe-neo": {
      "version": "5.1.0",
      "resolved": "https://registry.npmjs.org/tsyringe-neo/-/tsyringe-neo-5.1.0.tgz",
      "integrity": "sha512-x6QAckY85YLGE980TIR5Xle3s76nhBNYu0kr6UlLAWiPqt4S6PgbbvNV4cjZlItv3ka8adcGYG2Wy/I2yxcqdg==",
      "dependencies": {
        "tslib": "^2.6.3"
      },
      "engines": {
        "node": ">= 18.0.0"
      }
    },
    "node_modules/tweetnacl": {
      "version": "1.0.3",
      "resolved": "https://registry.npmjs.org/tweetnacl/-/tweetnacl-1.0.3.tgz",
      "integrity": "sha512-6rt+RN7aOi1nGMyC4Xa5DdYiukl2UWCbcJft7YhxReBGQD7OAM8Pbxw6YMo4r2diNEA8FEmu32YOn9rhaiE5yw=="
    },
    "node_modules/typescript": {
      "version": "5.7.2",
      "resolved": "https://registry.npmjs.org/typescript/-/typescript-5.7.2.tgz",
      "integrity": "sha512-i5t66RHxDvVN40HfDd1PsEThGNnlMCMT3jMUuoh9/0TaqWevNontacunWyN02LA9/fIbEWlcHZcgTKb9QoaLfg==",
      "devOptional": true,
      "bin": {
        "tsc": "bin/tsc",
        "tsserver": "bin/tsserver"
      },
      "engines": {
        "node": ">=14.17"
      }
    },
    "node_modules/uglify-js": {
      "version": "3.19.3",
      "resolved": "https://registry.npmjs.org/uglify-js/-/uglify-js-3.19.3.tgz",
      "integrity": "sha512-v3Xu+yuwBXisp6QYTcH4UbH+xYJXqnq2m/LtQVWKWzYc1iehYnLixoQDN9FH6/j9/oybfd6W9Ghwkl8+UMKTKQ==",
      "optional": true,
      "bin": {
        "uglifyjs": "bin/uglifyjs"
      },
      "engines": {
        "node": ">=0.8.0"
      }
    },
    "node_modules/undici-types": {
      "version": "6.20.0",
      "resolved": "https://registry.npmjs.org/undici-types/-/undici-types-6.20.0.tgz",
      "integrity": "sha512-Ny6QZ2Nju20vw1SRHe3d9jVu6gJ+4e3+MMpqu7pqE5HT6WsTSlce++GQmK5UXS8mzV8DSYHrQH+Xrf2jVcuKNg=="
    },
    "node_modules/universalify": {
      "version": "2.0.1",
      "resolved": "https://registry.npmjs.org/universalify/-/universalify-2.0.1.tgz",
      "integrity": "sha512-gptHNQghINnc/vTGIk0SOFGFNXw7JVrlRUtConJRlvaw6DuX0wO5Jeko9sWrMBhh+PsYAZ7oXAiOnf/UKogyiw==",
      "engines": {
        "node": ">= 10.0.0"
      }
    },
    "node_modules/wordwrap": {
      "version": "1.0.0",
      "resolved": "https://registry.npmjs.org/wordwrap/-/wordwrap-1.0.0.tgz",
      "integrity": "sha512-gvVzJFlPycKc5dZN4yPkP8w7Dc37BtP1yczEneOb4uq34pXZcvrtRTmWV8W+Ume+XCxKgbjM+nevkyFPMybd4Q=="
    },
    "node_modules/zod": {
      "version": "3.24.1",
      "resolved": "https://registry.npmjs.org/zod/-/zod-3.24.1.tgz",
      "integrity": "sha512-muH7gBL9sI1nciMZV67X5fTKKBLtwpZ5VBp1vsOQzj1MhrBZ4wlVCm3gedKZWLp0Oyel8sIGfeiz54Su+OVT+A==",
      "funding": {
        "url": "https://github.com/sponsors/colinhacks"
      }
    },
    "node_modules/zod-prisma-types": {
      "version": "3.2.1",
      "resolved": "https://registry.npmjs.org/zod-prisma-types/-/zod-prisma-types-3.2.1.tgz",
      "integrity": "sha512-qsOD8aMVx3Yg9gHctvhTRpavaJizt8xUda6qjwOcH7suvrirXax38tjs0ilKcY7GKbyY57q2rZ+uoSDnzVXpag==",
      "dependencies": {
        "@prisma/generator-helper": "^6.0.1",
        "code-block-writer": "^12.0.0",
        "lodash": "^4.17.21",
        "zod": "^3.23.8"
      },
      "bin": {
        "zod-prisma-types": "dist/bin.js"
      },
      "peerDependencies": {
        "@prisma/client": "^4.x.x || ^5.x.x || ^6.x.x",
        "prisma": "^4.x.x || ^5.x.x || ^6.x.x"
      }
    },
    "node_modules/zod-prisma-types/node_modules/@prisma/generator-helper": {
      "version": "6.1.0",
      "resolved": "https://registry.npmjs.org/@prisma/generator-helper/-/generator-helper-6.1.0.tgz",
      "integrity": "sha512-drHaTKRmRsz6esHk2dpn7aPoxfttoqkYWSaI7zXsL5YQz73jww1YgJpGbPgOUiblriJAtdT4o7mibMqnf8TOsA==",
      "dependencies": {
        "@prisma/debug": "6.1.0"
      }
    }
  }
}
